
Microsoft Visual Studio Solution File, Format Version 12.00
# Visual Studio 16
Project("{FAE04EC0-301F-11D3-BF4B-00C04F79EFBC}") = "Assembly-CSharp", "Assembly-CSharp.csproj", "{81DAB874-7579-F5FE-2B40-08C5FA543C09}"
EndProject
Project("{FAE04EC0-301F-11D3-BF4B-00C04F79EFBC}") = "Assembly-CSharp-Editor", "Assembly-CSharp-Editor.csproj", "{31751859-42AC-84D7-73F9-2D279AC2AA7F}"
EndProject
Global
	GlobalSection(SolutionConfigurationPlatforms) = preSolution
		Debug|Any CPU = Debug|Any CPU
		Release|Any CPU = Release|Any CPU
	EndGlobalSection
	GlobalSection(ProjectConfigurationPlatforms) = postSolution
		{81DAB874-7579-F5FE-2B40-08C5FA543C09}.Debug|Any CPU.ActiveCfg = Debug|Any CPU
		{81DAB874-7579-F5FE-2B40-08C5FA543C09}.Debug|Any CPU.Build.0 = Debug|Any CPU
		{81DAB874-7579-F5FE-2B40-08C5FA543C09}.Release|Any CPU.ActiveCfg = Release|Any CPU
		{81DAB874-7579-F5FE-2B40-08C5FA543C09}.Release|Any CPU.Build.0 = Release|Any CPU
		{31751859-42AC-84D7-73F9-2D279AC2AA7F}.Debug|Any CPU.ActiveCfg = Debug|Any CPU
		{31751859-42AC-84D7-73F9-2D279AC2AA7F}.Debug|Any CPU.Build.0 = Debug|Any CPU
		{31751859-42AC-84D7-73F9-2D279AC2AA7F}.Release|Any CPU.ActiveCfg = Release|Any CPU
		{31751859-42AC-84D7-73F9-2D279AC2AA7F}.Release|Any CPU.Build.0 = Release|Any CPU
	EndGlobalSection
	GlobalSection(SolutionProperties) = preSolution
		HideSolutionNode = FALSE
	EndGlobalSection
EndGlobal
